// !$*UTF8*$!
{
	archiveVersion = 1;
	classes = {
	};
	objectVersion = 50;
	objects = {

/* Begin PBXBuildFile section */
		5BF7C5A6269FFE3100193253 /* Project_SisyphusApp.swift in Sources */ = {isa = PBXBuildFile; fileRef = 5BF7C5A5269FFE3100193253 /* Project_SisyphusApp.swift */; };
		5BF7C5A8269FFE3100193253 /* ContentView.swift in Sources */ = {isa = PBXBuildFile; fileRef = 5BF7C5A7269FFE3100193253 /* ContentView.swift */; };
		5BF7C5AA269FFE3400193253 /* Assets.xcassets in Resources */ = {isa = PBXBuildFile; fileRef = 5BF7C5A9269FFE3400193253 /* Assets.xcassets */; };
		5BF7C5AD269FFE3400193253 /* Preview Assets.xcassets in Resources */ = {isa = PBXBuildFile; fileRef = 5BF7C5AC269FFE3400193253 /* Preview Assets.xcassets */; };
		5BF7C5B8269FFE3500193253 /* Project_SisyphusTests.swift in Sources */ = {isa = PBXBuildFile; fileRef = 5BF7C5B7269FFE3500193253 /* Project_SisyphusTests.swift */; };
		5BF7C5C3269FFE3500193253 /* Project_SisyphusUITests.swift in Sources */ = {isa = PBXBuildFile; fileRef = 5BF7C5C2269FFE3500193253 /* Project_SisyphusUITests.swift */; };
/* End PBXBuildFile section */

/* Begin PBXContainerItemProxy section */
		5BF7C5B4269FFE3500193253 /* PBXContainerItemProxy */ = {
			isa = PBXContainerItemProxy;
			containerPortal = 5BF7C59A269FFE3100193253 /* Project object */;
			proxyType = 1;
			remoteGlobalIDString = 5BF7C5A1269FFE3100193253;
			remoteInfo = "Project Sisyphus";
		};
		5BF7C5BF269FFE3500193253 /* PBXContainerItemProxy */ = {
			isa = PBXContainerItemProxy;
			containerPortal = 5BF7C59A269FFE3100193253 /* Project object */;
			proxyType = 1;
			remoteGlobalIDString = 5BF7C5A1269FFE3100193253;
			remoteInfo = "Project Sisyphus";
		};
/* End PBXContainerItemProxy section */

/* Begin PBXFileReference section */
		5BF7C5A2269FFE3100193253 /* Project Sisyphus.app */ = {isa = PBXFileReference; explicitFileType = wrapper.application; includeInIndex = 0; path = "Project Sisyphus.app"; sourceTree = BUILT_PRODUCTS_DIR; };
		5BF7C5A5269FFE3100193253 /* Project_SisyphusApp.swift */ = {isa = PBXFileReference; lastKnownFileType = sourcecode.swift; path = Project_SisyphusApp.swift; sourceTree = "<group>"; };
		5BF7C5A7269FFE3100193253 /* ContentView.swift */ = {isa = PBXFileReference; lastKnownFileType = sourcecode.swift; path = ContentView.swift; sourceTree = "<group>"; };
		5BF7C5A9269FFE3400193253 /* Assets.xcassets */ = {isa = PBXFileReference; lastKnownFileType = folder.assetcatalog; path = Assets.xcassets; sourceTree = "<group>"; };
		5BF7C5AC269FFE3400193253 /* Preview Assets.xcassets */ = {isa = PBXFileReference; lastKnownFileType = folder.assetcatalog; path = "Preview Assets.xcassets"; sourceTree = "<group>"; };
		5BF7C5AE269FFE3400193253 /* Info.plist */ = {isa = PBXFileReference; lastKnownFileType = text.plist.xml; path = Info.plist; sourceTree = "<group>"; };
		5BF7C5B3269FFE3500193253 /* Project SisyphusTests.xctest */ = {isa = PBXFileReference; explicitFileType = wrapper.cfbundle; includeInIndex = 0; path = "Project SisyphusTests.xctest"; sourceTree = BUILT_PRODUCTS_DIR; };
		5BF7C5B7269FFE3500193253 /* Project_SisyphusTests.swift */ = {isa = PBXFileReference; lastKnownFileType = sourcecode.swift; path = Project_SisyphusTests.swift; sourceTree = "<group>"; };
		5BF7C5B9269FFE3500193253 /* Info.plist */ = {isa = PBXFileReference; lastKnownFileType = text.plist.xml; path = Info.plist; sourceTree = "<group>"; };
		5BF7C5BE269FFE3500193253 /* Project SisyphusUITests.xctest */ = {isa = PBXFileReference; explicitFileType = wrapper.cfbundle; includeInIndex = 0; path = "Project SisyphusUITests.xctest"; sourceTree = BUILT_PRODUCTS_DIR; };
		5BF7C5C2269FFE3500193253 /* Project_SisyphusUITests.swift */ = {isa = PBXFileReference; lastKnownFileType = sourcecode.swift; path = Project_SisyphusUITests.swift; sourceTree = "<group>"; };
		5BF7C5C4269FFE3500193253 /* Info.plist */ = {isa = PBXFileReference; lastKnownFileType = text.plist.xml; path = Info.plist; sourceTree = "<group>"; };
/* End PBXFileReference section */

/* Begin PBXFrameworksBuildPhase section */
		5BF7C59F269FFE3100193253 /* Frameworks */ = {
			isa = PBXFrameworksBuildPhase;
			buildActionMask = 2147483647;
			files = (
			);
			runOnlyForDeploymentPostprocessing = 0;
		};
		5BF7C5B0269FFE3500193253 /* Frameworks */ = {
			isa = PBXFrameworksBuildPhase;
			buildActionMask = 2147483647;
			files = (
			);
			runOnlyForDeploymentPostprocessing = 0;
		};
		5BF7C5BB269FFE3500193253 /* Frameworks */ = {
			isa = PBXFrameworksBuildPhase;
			buildActionMask = 2147483647;
			files = (
			);
			runOnlyForDeploymentPostprocessing = 0;
		};
/* End PBXFrameworksBuildPhase section */

/* Begin PBXGroup section */
		5BF7C599269FFE3100193253 = {
			isa = PBXGroup;
			children = (
				5BF7C5A4269FFE3100193253 /* Project Sisyphus */,
				5BF7C5B6269FFE3500193253 /* Project SisyphusTests */,
				5BF7C5C1269FFE3500193253 /* Project SisyphusUITests */,
				5BF7C5A3269FFE3100193253 /* Products */,
			);
			sourceTree = "<group>";
		};
		5BF7C5A3269FFE3100193253 /* Products */ = {
			isa = PBXGroup;
			children = (
				5BF7C5A2269FFE3100193253 /* Project Sisyphus.app */,
				5BF7C5B3269FFE3500193253 /* Project SisyphusTests.xctest */,
				5BF7C5BE269FFE3500193253 /* Project SisyphusUITests.xctest */,
			);
			name = Products;
			sourceTree = "<group>";
		};
		5BF7C5A4269FFE3100193253 /* Project Sisyphus */ = {
			isa = PBXGroup;
			children = (
				5BF7C5A5269FFE3100193253 /* Project_SisyphusApp.swift */,
				5BF7C5A7269FFE3100193253 /* ContentView.swift */,
				5BF7C5A9269FFE3400193253 /* Assets.xcassets */,
				5BF7C5AE269FFE3400193253 /* Info.plist */,
				5BF7C5AB269FFE3400193253 /* Preview Content */,
			);
			path = "Project Sisyphus";
			sourceTree = "<group>";
		};
		5BF7C5AB269FFE3400193253 /* Preview Content */ = {
			isa = PBXGroup;
			children = (
				5BF7C5AC269FFE3400193253 /* Preview Assets.xcassets */,
			);
			path = "Preview Content";
			sourceTree = "<group>";
		};
		5BF7C5B6269FFE3500193253 /* Project SisyphusTests */ = {
			isa = PBXGroup;
			children = (
				5BF7C5B7269FFE3500193253 /* Project_SisyphusTests.swift */,
				5BF7C5B9269FFE3500193253 /* Info.plist */,
			);
			path = "Project SisyphusTests";
			sourceTree = "<group>";
		};
		5BF7C5C1269FFE3500193253 /* Project SisyphusUITests */ = {
			isa = PBXGroup;
			children = (
				5BF7C5C2269FFE3500193253 /* Project_SisyphusUITests.swift */,
				5BF7C5C4269FFE3500193253 /* Info.plist */,
			);
			path = "Project SisyphusUITests";
			sourceTree = "<group>";
		};
/* End PBXGroup section */

/* Begin PBXNativeTarget section */
		5BF7C5A1269FFE3100193253 /* Project Sisyphus */ = {
			isa = PBXNativeTarget;
			buildConfigurationList = 5BF7C5C7269FFE3500193253 /* Build configuration list for PBXNativeTarget "Project Sisyphus" */;
			buildPhases = (
				5BF7C59E269FFE3100193253 /* Sources */,
				5BF7C59F269FFE3100193253 /* Frameworks */,
				5BF7C5A0269FFE3100193253 /* Resources */,
			);
			buildRules = (
			);
			dependencies = (
			);
			name = "Project Sisyphus";
			productName = "Project Sisyphus";
			productReference = 5BF7C5A2269FFE3100193253 /* Project Sisyphus.app */;
			productType = "com.apple.product-type.application";
		};
		5BF7C5B2269FFE3500193253 /* Project SisyphusTests */ = {
			isa = PBXNativeTarget;
			buildConfigurationList = 5BF7C5CA269FFE3500193253 /* Build configuration list for PBXNativeTarget "Project SisyphusTests" */;
			buildPhases = (
				5BF7C5AF269FFE3500193253 /* Sources */,
				5BF7C5B0269FFE3500193253 /* Frameworks */,
				5BF7C5B1269FFE3500193253 /* Resources */,
			);
			buildRules = (
			);
			dependencies = (
				5BF7C5B5269FFE3500193253 /* PBXTargetDependency */,
			);
			name = "Project SisyphusTests";
			productName = "Project SisyphusTests";
			productReference = 5BF7C5B3269FFE3500193253 /* Project SisyphusTests.xctest */;
			productType = "com.apple.product-type.bundle.unit-test";
		};
		5BF7C5BD269FFE3500193253 /* Project SisyphusUITests */ = {
			isa = PBXNativeTarget;
			buildConfigurationList = 5BF7C5CD269FFE3500193253 /* Build configuration list for PBXNativeTarget "Project SisyphusUITests" */;
			buildPhases = (
				5BF7C5BA269FFE3500193253 /* Sources */,
				5BF7C5BB269FFE3500193253 /* Frameworks */,
				5BF7C5BC269FFE3500193253 /* Resources */,
			);
			buildRules = (
			);
			dependencies = (
				5BF7C5C0269FFE3500193253 /* PBXTargetDependency */,
			);
			name = "Project SisyphusUITests";
			productName = "Project SisyphusUITests";
			productReference = 5BF7C5BE269FFE3500193253 /* Project SisyphusUITests.xctest */;
			productType = "com.apple.product-type.bundle.ui-testing";
		};
/* End PBXNativeTarget section */

/* Begin PBXProject section */
		5BF7C59A269FFE3100193253 /* Project object */ = {
			isa = PBXProject;
			attributes = {
				LastSwiftUpdateCheck = 1250;
				LastUpgradeCheck = 1250;
				TargetAttributes = {
					5BF7C5A1269FFE3100193253 = {
						CreatedOnToolsVersion = 12.5;
					};
					5BF7C5B2269FFE3500193253 = {
						CreatedOnToolsVersion = 12.5;
						TestTargetID = 5BF7C5A1269FFE3100193253;
					};
					5BF7C5BD269FFE3500193253 = {
						CreatedOnToolsVersion = 12.5;
						TestTargetID = 5BF7C5A1269FFE3100193253;
					};
				};
			};
			buildConfigurationList = 5BF7C59D269FFE3100193253 /* Build configuration list for PBXProject "Project Sisyphus" */;
			compatibilityVersion = "Xcode 9.3";
			developmentRegion = en;
			hasScannedForEncodings = 0;
			knownRegions = (
				en,
				Base,
			);
			mainGroup = 5BF7C599269FFE3100193253;
			productRefGroup = 5BF7C5A3269FFE3100193253 /* Products */;
			projectDirPath = "";
			projectRoot = "";
			targets = (
				5BF7C5A1269FFE3100193253 /* Project Sisyphus */,
				5BF7C5B2269FFE3500193253 /* Project SisyphusTests */,
				5BF7C5BD269FFE3500193253 /* Project SisyphusUITests */,
			);
		};
/* End PBXProject section */

/* Begin PBXResourcesBuildPhase section */
		5BF7C5A0269FFE3100193253 /* Resources */ = {
			isa = PBXResourcesBuildPhase;
			buildActionMask = 2147483647;
			files = (
				5BF7C5AD269FFE3400193253 /* Preview Assets.xcassets in Resources */,
				5BF7C5AA269FFE3400193253 /* Assets.xcassets in Resources */,
			);
			runOnlyForDeploymentPostprocessing = 0;
		};
		5BF7C5B1269FFE3500193253 /* Resources */ = {
			isa = PBXResourcesBuildPhase;
			buildActionMask = 2147483647;
			files = (
			);
			runOnlyForDeploymentPostprocessing = 0;
		};
		5BF7C5BC269FFE3500193253 /* Resources */ = {
			isa = PBXResourcesBuildPhase;
			buildActionMask = 2147483647;
			files = (
			);
			runOnlyForDeploymentPostprocessing = 0;
		};
/* End PBXResourcesBuildPhase section */

/* Begin PBXSourcesBuildPhase section */
		5BF7C59E269FFE3100193253 /* Sources */ = {
			isa = PBXSourcesBuildPhase;
			buildActionMask = 2147483647;
			files = (
				5BF7C5A8269FFE3100193253 /* ContentView.swift in Sources */,
				5BF7C5A6269FFE3100193253 /* Project_SisyphusApp.swift in Sources */,
			);
			runOnlyForDeploymentPostprocessing = 0;
		};
		5BF7C5AF269FFE3500193253 /* Sources */ = {
			isa = PBXSourcesBuildPhase;
			buildActionMask = 2147483647;
			files = (
				5BF7C5B8269FFE3500193253 /* Project_SisyphusTests.swift in Sources */,
			);
			runOnlyForDeploymentPostprocessing = 0;
		};
		5BF7C5BA269FFE3500193253 /* Sources */ = {
			isa = PBXSourcesBuildPhase;
			buildActionMask = 2147483647;
			files = (
				5BF7C5C3269FFE3500193253 /* Project_SisyphusUITests.swift in Sources */,
			);
			runOnlyForDeploymentPostprocessing = 0;
		};
/* End PBXSourcesBuildPhase section */

/* Begin PBXTargetDependency section */
		5BF7C5B5269FFE3500193253 /* PBXTargetDependency */ = {
			isa = PBXTargetDependency;
			target = 5BF7C5A1269FFE3100193253 /* Project Sisyphus */;
			targetProxy = 5BF7C5B4269FFE3500193253 /* PBXContainerItemProxy */;
		};
		5BF7C5C0269FFE3500193253 /* PBXTargetDependency */ = {
			isa = PBXTargetDependency;
			target = 5BF7C5A1269FFE3100193253 /* Project Sisyphus */;
			targetProxy = 5BF7C5BF269FFE3500193253 /* PBXContainerItemProxy */;
		};
/* End PBXTargetDependency section */

/* Begin XCBuildConfiguration section */
		5BF7C5C5269FFE3500193253 /* Debug */ = {
			isa = XCBuildConfiguration;
			buildSettings = {
				ALWAYS_SEARCH_USER_PATHS = NO;
				CLANG_ANALYZER_NONNULL = YES;
				CLANG_ANALYZER_NUMBER_OBJECT_CONVERSION = YES_AGGRESSIVE;
				CLANG_CXX_LANGUAGE_STANDARD = "gnu++14";
				CLANG_CXX_LIBRARY = "libc++";
				CLANG_ENABLE_MODULES = YES;
				CLANG_ENABLE_OBJC_ARC = YES;
				CLANG_ENABLE_OBJC_WEAK = YES;
				CLANG_WARN_BLOCK_CAPTURE_AUTORELEASING = YES;
				CLANG_WARN_BOOL_CONVERSION = YES;
				CLANG_WARN_COMMA = YES;
				CLANG_WARN_CONSTANT_CONVERSION = YES;
				CLANG_WARN_DEPRECATED_OBJC_IMPLEMENTATIONS = YES;
				CLANG_WARN_DIRECT_OBJC_ISA_USAGE = YES_ERROR;
				CLANG_WARN_DOCUMENTATION_COMMENTS = YES;
				CLANG_WARN_EMPTY_BODY = YES;
				CLANG_WARN_ENUM_CONVERSION = YES;
				CLANG_WARN_INFINITE_RECURSION = YES;
				CLANG_WARN_INT_CONVERSION = YES;
				CLANG_WARN_NON_LITERAL_NULL_CONVERSION = YES;
				CLANG_WARN_OBJC_IMPLICIT_RETAIN_SELF = YES;
				CLANG_WARN_OBJC_LITERAL_CONVERSION = YES;
				CLANG_WARN_OBJC_ROOT_CLASS = YES_ERROR;
				CLANG_WARN_QUOTED_INCLUDE_IN_FRAMEWORK_HEADER = YES;
				CLANG_WARN_RANGE_LOOP_ANALYSIS = YES;
				CLANG_WARN_STRICT_PROTOTYPES = YES;
				CLANG_WARN_SUSPICIOUS_MOVE = YES;
				CLANG_WARN_UNGUARDED_AVAILABILITY = YES_AGGRESSIVE;
				CLANG_WARN_UNREACHABLE_CODE = YES;
				CLANG_WARN__DUPLICATE_METHOD_MATCH = YES;
				COPY_PHASE_STRIP = NO;
				DEBUG_INFORMATION_FORMAT = dwarf;
				ENABLE_STRICT_OBJC_MSGSEND = YES;
				ENABLE_TESTABILITY = YES;
				GCC_C_LANGUAGE_STANDARD = gnu11;
				GCC_DYNAMIC_NO_PIC = NO;
				GCC_NO_COMMON_BLOCKS = YES;
				GCC_OPTIMIZATION_LEVEL = 0;
				GCC_PREPROCESSOR_DEFINITIONS = (
					"DEBUG=1",
					"$(inherited)",
				);
				GCC_WARN_64_TO_32_BIT_CONVERSION = YES;
				GCC_WARN_ABOUT_RETURN_TYPE = YES_ERROR;
				GCC_WARN_UNDECLARED_SELECTOR = YES;
				GCC_WARN_UNINITIALIZED_AUTOS = YES_AGGRESSIVE;
				GCC_WARN_UNUSED_FUNCTION = YES;
				GCC_WARN_UNUSED_VARIABLE = YES;
				IPHONEOS_DEPLOYMENT_TARGET = 14.5;
				MTL_ENABLE_DEBUG_INFO = INCLUDE_SOURCE;
				MTL_FAST_MATH = YES;
				ONLY_ACTIVE_ARCH = YES;
				SDKROOT = iphoneos;
				SWIFT_ACTIVE_COMPILATION_CONDITIONS = DEBUG;
				SWIFT_OPTIMIZATION_LEVEL = "-Onone";
			};
			name = Debug;
		};
		5BF7C5C6269FFE3500193253 /* Release */ = {
			isa = XCBuildConfiguration;
			buildSettings = {
				ALWAYS_SEARCH_USER_PATHS = NO;
				CLANG_ANALYZER_NONNULL = YES;
				CLANG_ANALYZER_NUMBER_OBJECT_CONVERSION = YES_AGGRESSIVE;
				CLANG_CXX_LANGUAGE_STANDARD = "gnu++14";
				CLANG_CXX_LIBRARY = "libc++";
				CLANG_ENABLE_MODULES = YES;
				CLANG_ENABLE_OBJC_ARC = YES;
				CLANG_ENABLE_OBJC_WEAK = YES;
				CLANG_WARN_BLOCK_CAPTURE_AUTORELEASING = YES;
				CLANG_WARN_BOOL_CONVERSION = YES;
				CLANG_WARN_COMMA = YES;
				CLANG_WARN_CONSTANT_CONVERSION = YES;
				CLANG_WARN_DEPRECATED_OBJC_IMPLEMENTATIONS = YES;
				CLANG_WARN_DIRECT_OBJC_ISA_USAGE = YES_ERROR;
				CLANG_WARN_DOCUMENTATION_COMMENTS = YES;
				CLANG_WARN_EMPTY_BODY = YES;
				CLANG_WARN_ENUM_CONVERSION = YES;
				CLANG_WARN_INFINITE_RECURSION = YES;
				CLANG_WARN_INT_CONVERSION = YES;
				CLANG_WARN_NON_LITERAL_NULL_CONVERSION = YES;
				CLANG_WARN_OBJC_IMPLICIT_RETAIN_SELF = YES;
				CLANG_WARN_OBJC_LITERAL_CONVERSION = YES;
				CLANG_WARN_OBJC_ROOT_CLASS = YES_ERROR;
				CLANG_WARN_QUOTED_INCLUDE_IN_FRAMEWORK_HEADER = YES;
				CLANG_WARN_RANGE_LOOP_ANALYSIS = YES;
				CLANG_WARN_STRICT_PROTOTYPES = YES;
				CLANG_WARN_SUSPICIOUS_MOVE = YES;
				CLANG_WARN_UNGUARDED_AVAILABILITY = YES_AGGRESSIVE;
				CLANG_WARN_UNREACHABLE_CODE = YES;
				CLANG_WARN__DUPLICATE_METHOD_MATCH = YES;
				COPY_PHASE_STRIP = NO;
				DEBUG_INFORMATION_FORMAT = "dwarf-with-dsym";
				ENABLE_NS_ASSERTIONS = NO;
				ENABLE_STRICT_OBJC_MSGSEND = YES;
				GCC_C_LANGUAGE_STANDARD = gnu11;
				GCC_NO_COMMON_BLOCKS = YES;
				GCC_WARN_64_TO_32_BIT_CONVERSION = YES;
				GCC_WARN_ABOUT_RETURN_TYPE = YES_ERROR;
				GCC_WARN_UNDECLARED_SELECTOR = YES;
				GCC_WARN_UNINITIALIZED_AUTOS = YES_AGGRESSIVE;
				GCC_WARN_UNUSED_FUNCTION = YES;
				GCC_WARN_UNUSED_VARIABLE = YES;
				IPHONEOS_DEPLOYMENT_TARGET = 14.5;
				MTL_ENABLE_DEBUG_INFO = NO;
				MTL_FAST_MATH = YES;
				SDKROOT = iphoneos;
				SWIFT_COMPILATION_MODE = wholemodule;
				SWIFT_OPTIMIZATION_LEVEL = "-O";
				VALIDATE_PRODUCT = YES;
			};
			name = Release;
		};
		5BF7C5C8269FFE3500193253 /* Debug */ = {
			isa = XCBuildConfiguration;
			buildSettings = {
				ASSETCATALOG_COMPILER_APPICON_NAME = AppIcon;
				ASSETCATALOG_COMPILER_GLOBAL_ACCENT_COLOR_NAME = AccentColor;
				CODE_SIGN_STYLE = Automatic;
				DEVELOPMENT_ASSET_PATHS = "\"Project Sisyphus/Preview Content\"";
				DEVELOPMENT_TEAM = TP2PS75AM9;
				ENABLE_PREVIEWS = YES;
				INFOPLIST_FILE = "Project Sisyphus/Info.plist";
				IPHONEOS_DEPLOYMENT_TARGET = 14.0;
				LD_RUNPATH_SEARCH_PATHS = (
					"$(inherited)",
					"@executable_path/Frameworks",
				);
				PRODUCT_BUNDLE_IDENTIFIER = "site.cyang.Project-Sisyphus";
				PRODUCT_NAME = "$(TARGET_NAME)";
				SWIFT_VERSION = 5.0;
				TARGETED_DEVICE_FAMILY = "1,2";
			};
			name = Debug;
		};
		5BF7C5C9269FFE3500193253 /* Release */ = {
			isa = XCBuildConfiguration;
			buildSettings = {
				ASSETCATALOG_COMPILER_APPICON_NAME = AppIcon;
				ASSETCATALOG_COMPILER_GLOBAL_ACCENT_COLOR_NAME = AccentColor;
				CODE_SIGN_STYLE = Automatic;
				DEVELOPMENT_ASSET_PATHS = "\"Project Sisyphus/Preview Content\"";
				DEVELOPMENT_TEAM = TP2PS75AM9;
				ENABLE_PREVIEWS = YES;
				INFOPLIST_FILE = "Project Sisyphus/Info.plist";
				IPHONEOS_DEPLOYMENT_TARGET = 14.0;
				LD_RUNPATH_SEARCH_PATHS = (
					"$(inherited)",
					"@executable_path/Frameworks",
				);
				PRODUCT_BUNDLE_IDENTIFIER = "site.cyang.Project-Sisyphus";
				PRODUCT_NAME = "$(TARGET_NAME)";
				SWIFT_VERSION = 5.0;
				TARGETED_DEVICE_FAMILY = "1,2";
			};
			name = Release;
		};
		5BF7C5CB269FFE3500193253 /* Debug */ = {
			isa = XCBuildConfiguration;
			buildSettings = {
				ALWAYS_EMBED_SWIFT_STANDARD_LIBRARIES = YES;
				BUNDLE_LOADER = "$(TEST_HOST)";
				CODE_SIGN_STYLE = Automatic;
				DEVELOPMENT_TEAM = TP2PS75AM9;
				INFOPLIST_FILE = "Project SisyphusTests/Info.plist";
				IPHONEOS_DEPLOYMENT_TARGET = 14.0;
				LD_RUNPATH_SEARCH_PATHS = (
					"$(inherited)",
					"@executable_path/Frameworks",
					"@loader_path/Frameworks",
				);
				PRODUCT_BUNDLE_IDENTIFIER = "site.cyang.Project-SisyphusTests";
				PRODUCT_NAME = "$(TARGET_NAME)";
				SWIFT_VERSION = 5.0;
				TARGETED_DEVICE_FAMILY = "1,2";
				TEST_HOST = "$(BUILT_PRODUCTS_DIR)/Project Sisyphus.app/Project Sisyphus";
			};
			name = Debug;
		};
		5BF7C5CC269FFE3500193253 /* Release */ = {
			isa = XCBuildConfiguration;
			buildSettings = {
				ALWAYS_EMBED_SWIFT_STANDARD_LIBRARIES = YES;
				BUNDLE_LOADER = "$(TEST_HOST)";
				CODE_SIGN_STYLE = Automatic;
				DEVELOPMENT_TEAM = TP2PS75AM9;
				INFOPLIST_FILE = "Project SisyphusTests/Info.plist";
				IPHONEOS_DEPLOYMENT_TARGET = 14.0;
				LD_RUNPATH_SEARCH_PATHS = (
					"$(inherited)",
					"@executable_path/Frameworks",
					"@loader_path/Frameworks",
				);
				PRODUCT_BUNDLE_IDENTIFIER = "site.cyang.Project-SisyphusTests";
				PRODUCT_NAME = "$(TARGET_NAME)";
				SWIFT_VERSION = 5.0;
				TARGETED_DEVICE_FAMILY = "1,2";
				TEST_HOST = "$(BUILT_PRODUCTS_DIR)/Project Sisyphus.app/Project Sisyphus";
			};
			name = Release;
		};
		5BF7C5CE269FFE3500193253 /* Debug */ = {
			isa = XCBuildConfiguration;
			buildSettings = {
				ALWAYS_EMBED_SWIFT_STANDARD_LIBRARIES = YES;
				CODE_SIGN_STYLE = Automatic;
				DEVELOPMENT_TEAM = TP2PS75AM9;
				INFOPLIST_FILE = "Project SisyphusUITests/Info.plist";
				LD_RUNPATH_SEARCH_PATHS = (
					"$(inherited)",
					"@executable_path/Frameworks",
					"@loader_path/Frameworks",
				);
				PRODUCT_BUNDLE_IDENTIFIER = "site.cyang.Project-SisyphusUITests";
				PRODUCT_NAME = "$(TARGET_NAME)";
				SWIFT_VERSION = 5.0;
				TARGETED_DEVICE_FAMILY = "1,2";
				TEST_TARGET_NAME = "Project Sisyphus";
			};
			name = Debug;
		};
		5BF7C5CF269FFE3500193253 /* Release */ = {
			isa = XCBuildConfiguration;
			buildSettings = {
				ALWAYS_EMBED_SWIFT_STANDARD_LIBRARIES = YES;
				CODE_SIGN_STYLE = Automatic;
				DEVELOPMENT_TEAM = TP2PS75AM9;
				INFOPLIST_FILE = "Project SisyphusUITests/Info.plist";
				LD_RUNPATH_SEARCH_PATHS = (
					"$(inherited)",
					"@executable_path/Frameworks",
					"@loader_path/Frameworks",
				);
				PRODUCT_BUNDLE_IDENTIFIER = "site.cyang.Project-SisyphusUITests";
				PRODUCT_NAME = "$(TARGET_NAME)";
				SWIFT_VERSION = 5.0;
				TARGETED_DEVICE_FAMILY = "1,2";
				TEST_TARGET_NAME = "Project Sisyphus";
			};
			name = Release;
		};
/* End XCBuildConfiguration section */

/* Begin XCConfigurationList section */
		5BF7C59D269FFE3100193253 /* Build configuration list for PBXProject "Project Sisyphus" */ = {
			isa = XCConfigurationList;
			buildConfigurations = (
				5BF7C5C5269FFE3500193253 /* Debug */,
				5BF7C5C6269FFE3500193253 /* Release */,
			);
			defaultConfigurationIsVisible = 0;
			defaultConfigurationName = Release;
		};
		5BF7C5C7269FFE3500193253 /* Build configuration list for PBXNativeTarget "Project Sisyphus" */ = {
			isa = XCConfigurationList;
			buildConfigurations = (
				5BF7C5C8269FFE3500193253 /* Debug */,
				5BF7C5C9269FFE3500193253 /* Release */,
			);
			defaultConfigurationIsVisible = 0;
			defaultConfigurationName = Release;
		};
		5BF7C5CA269FFE3500193253 /* Build configuration list for PBXNativeTarget "Project SisyphusTests" */ = {
			isa = XCConfigurationList;
			buildConfigurations = (
				5BF7C5CB269FFE3500193253 /* Debug */,
				5BF7C5CC269FFE3500193253 /* Release */,
			);
			defaultConfigurationIsVisible = 0;
			defaultConfigurationName = Release;
		};
		5BF7C5CD269FFE3500193253 /* Build configuration list for PBXNativeTarget "Project SisyphusUITests" */ = {
			isa = XCConfigurationList;
			buildConfigurations = (
				5BF7C5CE269FFE3500193253 /* Debug */,
				5BF7C5CF269FFE3500193253 /* Release */,
			);
			defaultConfigurationIsVisible = 0;
			defaultConfigurationName = Release;
		};
/* End XCConfigurationList section */
	};
	rootObject = 5BF7C59A269FFE3100193253 /* Project object */;
}
